
Microsoft Visual Studio Solution File, Format Version 12.00
# Visual Studio 15
VisualStudioVersion = 15.0.28307.421
MinimumVisualStudioVersion = 10.0.40219.1
Project("{FAE04EC0-301F-11D3-BF4B-00C04F79EFBC}") = "Proyecto5_Fibonacci", "Proyecto5_Fibonacci\Proyecto5_Fibonacci.csproj", "{DDBEF275-FE5E-4903-8CA5-FE3BAD07C553}"
EndProject
Global
	GlobalSection(SolutionConfigurationPlatforms) = preSolution
		Debug|Any CPU = Debug|Any CPU
		Release|Any CPU = Release|Any CPU
	EndGlobalSection
	GlobalSection(ProjectConfigurationPlatforms) = postSolution
		{DDBEF275-FE5E-4903-8CA5-FE3BAD07C553}.Debug|Any CPU.ActiveCfg = Debug|Any CPU
		{DDBEF275-FE5E-4903-8CA5-FE3BAD07C553}.Debug|Any CPU.Build.0 = Debug|Any CPU
		{DDBEF275-FE5E-4903-8CA5-FE3BAD07C553}.Release|Any CPU.ActiveCfg = Release|Any CPU
		{DDBEF275-FE5E-4903-8CA5-FE3BAD07C553}.Release|Any CPU.Build.0 = Release|Any CPU
	EndGlobalSection
	GlobalSection(SolutionProperties) = preSolution
		HideSolutionNode = FALSE
	EndGlobalSection
	GlobalSection(ExtensibilityGlobals) = postSolution
		SolutionGuid = {3EAC661C-5993-4D45-A560-238E53CBF1D6}
	EndGlobalSection
EndGlobal
